{
  "lockfileVersion": 1,
  "workspaces": {
    "": {
      "name": "itvo.dev",
      "dependencies": {
        "@hono/zod-validator": "^0.4.3",
        "bun": "^1.2.13",
        "dotenv": "^16.5.0",
        "drizzle-orm": "^0.43.1",
        "hono": "^4.7.6",
        "pg": "^8.15.6",
        "zod": "^3.24.2",
      },
      "devDependencies": {
        "@types/bun": "latest",
        "@types/node": "^22.14.0",
        "@types/pg": "^8.11.11",
      },
      "peerDependencies": {
        "typescript": "^5",
      },
    },
  },
  "packages": {
    "@hono/zod-validator": ["@hono/zod-validator@0.4.3", "", { "peerDependencies": { "hono": ">=3.9.0", "zod": "^3.19.1" } }, "sha512-xIgMYXDyJ4Hj6ekm9T9Y27s080Nl9NXHcJkOvkXPhubOLj8hZkOL8pDnnXfvCf5xEE8Q4oMFenQUZZREUY2gqQ=="],

    "@oven/bun-darwin-aarch64": ["@oven/bun-darwin-aarch64@1.2.13", "", { "os": "darwin", "cpu": "arm64" }, "sha512-AOU4O9jxRp2TXeqoEfOjEaUNZb3+SUPBN8TIEnUjpnyLWPoYJGCeNdQuCDcUkmF3MJEmEuJdyF1IeOITozpC6A=="],

    "@oven/bun-darwin-x64": ["@oven/bun-darwin-x64@1.2.13", "", { "os": "darwin", "cpu": "x64" }, "sha512-kJ2iOvxY8uz5/nu+8zIjKf4LmRIHBH9pJJM2q+tA47U04Tod6k6rtntDOI8SdmRe2M5c87RfbadWdxhpYHFIWQ=="],

    "@oven/bun-darwin-x64-baseline": ["@oven/bun-darwin-x64-baseline@1.2.13", "", { "os": "darwin", "cpu": "x64" }, "sha512-bZpIUOvx9np07AmH5MVXGYHWZ40m2vCpNV74fma6sCzBlssJclS2V3BZgO+lLvtUKSqnW3HAyJBGsRF34wPbNw=="],

    "@oven/bun-linux-aarch64": ["@oven/bun-linux-aarch64@1.2.13", "", { "os": "linux", "cpu": "arm64" }, "sha512-hocSJmblX4CCjP1HpaM64I65erB+CONUCCwKzGGOfLGLobVi+vn/G56UaYWsje1y/Z7WlVaUSgKYVWl7EJ6T9g=="],

    "@oven/bun-linux-aarch64-musl": ["@oven/bun-linux-aarch64-musl@1.2.13", "", { "os": "linux", "cpu": "none" }, "sha512-P56m718KXeyu4Vq5fsESFktfu+0Us1jhu/ZzgHYFRYJcm/hjs6AUA/RJtUAifFy5PNAM5IJdrYl3xPsE8Wa+pg=="],

    "@oven/bun-linux-x64": ["@oven/bun-linux-x64@1.2.13", "", { "os": "linux", "cpu": "x64" }, "sha512-pf8+Kn2GLrFKLcb8JSLM6Z147Af6L9GQODpnOHM4gvXQv6E/GwQg47/o+7f1XCfzib3fdzOTJlDPvvO1rnXOTA=="],

    "@oven/bun-linux-x64-baseline": ["@oven/bun-linux-x64-baseline@1.2.13", "", { "os": "linux", "cpu": "x64" }, "sha512-9n1ai2ejEpxEMqpbHQMWFyvacq3MYsB7gh5mxRlFwhNFPCWu/Sv6gyrO+q2vkOYgcEIGhJb6dqJ6L9vBNaL61A=="],

    "@oven/bun-linux-x64-musl": ["@oven/bun-linux-x64-musl@1.2.13", "", { "os": "linux", "cpu": "x64" }, "sha512-w5Ob+GM3Ww4yRA6f1N845o6wEvuwHSmipFUGaRaVp4UELrFnIV9G3pmrlBbYHFnWhk13o8Q7H1/4ZphOkCRJmQ=="],

    "@oven/bun-linux-x64-musl-baseline": ["@oven/bun-linux-x64-musl-baseline@1.2.13", "", { "os": "linux", "cpu": "x64" }, "sha512-VI8hVdfqk0QmbAbyrsIdo2O95n3fkbt72E0h3Wu69cHD1iKJqRXG28R8QoHdehoLSJnKVzRTwsUzHp764nefWQ=="],

    "@oven/bun-windows-x64": ["@oven/bun-windows-x64@1.2.13", "", { "os": "win32", "cpu": "x64" }, "sha512-sArgbRmT7V3mUdNFaAdUcuJsuS+oeMDZLPWFSg0gtQZpRrURs9nPzEnZMmVCFo4+kPF9Tb5ujQT9uDySh6/qVg=="],

    "@oven/bun-windows-x64-baseline": ["@oven/bun-windows-x64-baseline@1.2.13", "", { "os": "win32", "cpu": "x64" }, "sha512-Aiezu99fOUJJpzGuylOJryd6w9Syg2TBigHeXV2+RJsouBzvAnIEYIBA94ZspRq1ulD26Wmkk8Ae+jZ4edk9GA=="],

    "@types/bun": ["@types/bun@1.2.9", "", { "dependencies": { "bun-types": "1.2.9" } }, "sha512-epShhLGQYc4Bv/aceHbmBhOz1XgUnuTZgcxjxk+WXwNyDXavv5QHD1QEFV0FwbTSQtNq6g4ZcV6y0vZakTjswg=="],

    "@types/node": ["@types/node@22.14.0", "", { "dependencies": { "undici-types": "~6.21.0" } }, "sha512-Kmpl+z84ILoG+3T/zQFyAJsU6EPTmOCj8/2+83fSN6djd6I4o7uOuGIH6vq3PrjY5BGitSbFuMN18j3iknubbA=="],

    "@types/pg": ["@types/pg@8.15.1", "", { "dependencies": { "@types/node": "*", "pg-protocol": "*", "pg-types": "^4.0.1" } }, "sha512-YKHrkGWBX5+ivzvOQ66I0fdqsQTsvxqM0AGP2i0XrVZ9DP5VA/deEbTf7VuLPGpY7fJB9uGbkZ6KjVhuHcrTkQ=="],

    "@types/ws": ["@types/ws@8.18.1", "", { "dependencies": { "@types/node": "*" } }, "sha512-ThVF6DCVhA8kUGy+aazFQ4kXQ7E1Ty7A3ypFOe0IcJV8O/M511G99AW24irKrW56Wt44yG9+ij8FaqoBGkuBXg=="],

    "bun": ["bun@1.2.13", "", { "optionalDependencies": { "@oven/bun-darwin-aarch64": "1.2.13", "@oven/bun-darwin-x64": "1.2.13", "@oven/bun-darwin-x64-baseline": "1.2.13", "@oven/bun-linux-aarch64": "1.2.13", "@oven/bun-linux-aarch64-musl": "1.2.13", "@oven/bun-linux-x64": "1.2.13", "@oven/bun-linux-x64-baseline": "1.2.13", "@oven/bun-linux-x64-musl": "1.2.13", "@oven/bun-linux-x64-musl-baseline": "1.2.13", "@oven/bun-windows-x64": "1.2.13", "@oven/bun-windows-x64-baseline": "1.2.13" }, "os": [ "linux", "win32", "darwin", ], "cpu": [ "x64", "arm64", ], "bin": { "bun": "bin/bun.exe", "bunx": "bin/bun.exe" } }, "sha512-EhP1MhFbicqtaRSFCbEZdkcFco8Ov47cNJcB9QmKS8U4cojKHfLU+dQR14lCvLYmtBvGgwv/Lp+9SSver2OPzQ=="],

    "bun-types": ["bun-types@1.2.9", "", { "dependencies": { "@types/node": "*", "@types/ws": "*" } }, "sha512-dk/kOEfQbajENN/D6FyiSgOKEuUi9PWfqKQJEgwKrCMWbjS/S6tEXp178mWvWAcUSYm9ArDlWHZKO3T/4cLXiw=="],

    "dotenv": ["dotenv@16.5.0", "", {}, "sha512-m/C+AwOAr9/W1UOIZUo232ejMNnJAJtYQjUbHoNTBNTJSvqzzDh7vnrei3o3r3m9blf6ZoDkvcw0VmozNRFJxg=="],

    "drizzle-orm": ["drizzle-orm@0.43.1", "", { "peerDependencies": { "@aws-sdk/client-rds-data": ">=3", "@cloudflare/workers-types": ">=4", "@electric-sql/pglite": ">=0.2.0", "@libsql/client": ">=0.10.0", "@libsql/client-wasm": ">=0.10.0", "@neondatabase/serverless": ">=0.10.0", "@op-engineering/op-sqlite": ">=2", "@opentelemetry/api": "^1.4.1", "@planetscale/database": ">=1.13", "@prisma/client": "*", "@tidbcloud/serverless": "*", "@types/better-sqlite3": "*", "@types/pg": "*", "@types/sql.js": "*", "@vercel/postgres": ">=0.8.0", "@xata.io/client": "*", "better-sqlite3": ">=7", "bun-types": "*", "expo-sqlite": ">=14.0.0", "gel": ">=2", "knex": "*", "kysely": "*", "mysql2": ">=2", "pg": ">=8", "postgres": ">=3", "sql.js": ">=1", "sqlite3": ">=5" }, "optionalPeers": ["@aws-sdk/client-rds-data", "@cloudflare/workers-types", "@electric-sql/pglite", "@libsql/client", "@libsql/client-wasm", "@neondatabase/serverless", "@op-engineering/op-sqlite", "@opentelemetry/api", "@planetscale/database", "@prisma/client", "@tidbcloud/serverless", "@types/better-sqlite3", "@types/pg", "@types/sql.js", "@vercel/postgres", "@xata.io/client", "better-sqlite3", "bun-types", "expo-sqlite", "gel", "knex", "kysely", "mysql2", "pg", "postgres", "sql.js", "sqlite3"] }, "sha512-dUcDaZtE/zN4RV/xqGrVSMpnEczxd5cIaoDeor7Zst9wOe/HzC/7eAaulywWGYXdDEc9oBPMjayVEDg0ziTLJA=="],

    "hono": ["hono@4.7.9", "", {}, "sha512-/EsCoR5h7N4yu01TDu9GMCCJa6ZLk5ZJIWFFGNawAXmd1Tp53+Wir4xm0D2X19bbykWUlzQG0+BvPAji6p9E8Q=="],

    "obuf": ["obuf@1.1.2", "", {}, "sha512-PX1wu0AmAdPqOL1mWhqmlOd8kOIZQwGZw6rh7uby9fTc5lhaOWFLX3I6R1hrF9k3zUY40e6igsLGkDXK92LJNg=="],

    "pg": ["pg@8.15.6", "", { "dependencies": { "pg-connection-string": "^2.8.5", "pg-pool": "^3.9.6", "pg-protocol": "^1.9.5", "pg-types": "^2.1.0", "pgpass": "1.x" }, "optionalDependencies": { "pg-cloudflare": "^1.2.5" }, "peerDependencies": { "pg-native": ">=3.0.1" }, "optionalPeers": ["pg-native"] }, "sha512-yvao7YI3GdmmrslNVsZgx9PfntfWrnXwtR+K/DjI0I/sTKif4Z623um+sjVZ1hk5670B+ODjvHDAckKdjmPTsg=="],

    "pg-cloudflare": ["pg-cloudflare@1.2.5", "", {}, "sha512-OOX22Vt0vOSRrdoUPKJ8Wi2OpE/o/h9T8X1s4qSkCedbNah9ei2W2765be8iMVxQUsvgT7zIAT2eIa9fs5+vtg=="],

    "pg-connection-string": ["pg-connection-string@2.8.5", "", {}, "sha512-Ni8FuZ8yAF+sWZzojvtLE2b03cqjO5jNULcHFfM9ZZ0/JXrgom5pBREbtnAw7oxsxJqHw9Nz/XWORUEL3/IFow=="],

    "pg-int8": ["pg-int8@1.0.1", "", {}, "sha512-WCtabS6t3c8SkpDBUlb1kjOs7l66xsGdKpIPZsg4wR+B3+u9UAum2odSsF9tnvxg80h4ZxLWMy4pRjOsFIqQpw=="],

    "pg-numeric": ["pg-numeric@1.0.2", "", {}, "sha512-BM/Thnrw5jm2kKLE5uJkXqqExRUY/toLHda65XgFTBTFYZyopbKjBe29Ii3RbkvlsMoFwD+tHeGaCjjv0gHlyw=="],

    "pg-pool": ["pg-pool@3.9.6", "", { "peerDependencies": { "pg": ">=8.0" } }, "sha512-rFen0G7adh1YmgvrmE5IPIqbb+IgEzENUm+tzm6MLLDSlPRoZVhzU1WdML9PV2W5GOdRA9qBKURlbt1OsXOsPw=="],

    "pg-protocol": ["pg-protocol@1.8.0", "", {}, "sha512-jvuYlEkL03NRvOoyoRktBK7+qU5kOvlAwvmrH8sr3wbLrOdVWsRxQfz8mMy9sZFsqJ1hEWNfdWKI4SAmoL+j7g=="],

    "pg-types": ["pg-types@4.0.2", "", { "dependencies": { "pg-int8": "1.0.1", "pg-numeric": "1.0.2", "postgres-array": "~3.0.1", "postgres-bytea": "~3.0.0", "postgres-date": "~2.1.0", "postgres-interval": "^3.0.0", "postgres-range": "^1.1.1" } }, "sha512-cRL3JpS3lKMGsKaWndugWQoLOCoP+Cic8oseVcbr0qhPzYD5DWXK+RZ9LY9wxRf7RQia4SCwQlXk0q6FCPrVng=="],

    "pgpass": ["pgpass@1.0.5", "", { "dependencies": { "split2": "^4.1.0" } }, "sha512-FdW9r/jQZhSeohs1Z3sI1yxFQNFvMcnmfuj4WBMUTxOrAyLMaTcE1aAMBiTlbMNaXvBCQuVi0R7hd8udDSP7ug=="],

    "postgres-array": ["postgres-array@3.0.4", "", {}, "sha512-nAUSGfSDGOaOAEGwqsRY27GPOea7CNipJPOA7lPbdEpx5Kg3qzdP0AaWC5MlhTWV9s4hFX39nomVZ+C4tnGOJQ=="],

    "postgres-bytea": ["postgres-bytea@3.0.0", "", { "dependencies": { "obuf": "~1.1.2" } }, "sha512-CNd4jim9RFPkObHSjVHlVrxoVQXz7quwNFpz7RY1okNNme49+sVyiTvTRobiLV548Hx/hb1BG+iE7h9493WzFw=="],

    "postgres-date": ["postgres-date@2.1.0", "", {}, "sha512-K7Juri8gtgXVcDfZttFKVmhglp7epKb1K4pgrkLxehjqkrgPhfG6OO8LHLkfaqkbpjNRnra018XwAr1yQFWGcA=="],

    "postgres-interval": ["postgres-interval@3.0.0", "", {}, "sha512-BSNDnbyZCXSxgA+1f5UU2GmwhoI0aU5yMxRGO8CdFEcY2BQF9xm/7MqKnYoM1nJDk8nONNWDk9WeSmePFhQdlw=="],

    "postgres-range": ["postgres-range@1.1.4", "", {}, "sha512-i/hbxIE9803Alj/6ytL7UHQxRvZkI9O4Sy+J3HGc4F4oo/2eQAjTSNJ0bfxyse3bH0nuVesCk+3IRLaMtG3H6w=="],

    "split2": ["split2@4.2.0", "", {}, "sha512-UcjcJOWknrNkF6PLX83qcHM6KHgVKNkV62Y8a5uYDVv9ydGQVwAHMKqHdJje1VTWpljG0WYpCDhrCdAOYH4TWg=="],

    "typescript": ["typescript@5.8.3", "", { "bin": { "tsc": "bin/tsc", "tsserver": "bin/tsserver" } }, "sha512-p1diW6TqL9L07nNxvRMM7hMMw4c5XOo/1ibL4aAIGmSAt9slTE1Xgw5KWuof2uTOvCg9BY7ZRi+GaF+7sfgPeQ=="],

    "undici-types": ["undici-types@6.21.0", "", {}, "sha512-iwDZqg0QAGrg9Rav5H4n0M64c3mkR59cJ6wQp+7C4nI0gsmExaedaYLNO44eT4AtBBwjbTiGPMlt2Md0T9H9JQ=="],

    "xtend": ["xtend@4.0.2", "", {}, "sha512-LKYU1iAXJXUgAXn9URjiu+MWhyUXHsvfp7mcuYm9dSUKK0/CjtrUwFAxD82/mCWbtLsGjFIad0wIsod4zrTAEQ=="],

    "zod": ["zod@3.24.4", "", {}, "sha512-OdqJE9UDRPwWsrHjLN2F8bPxvwJBK22EHLWtanu0LSYr5YqzsaaW3RMgmjwr8Rypg5k+meEJdSPXJZXE/yqOMg=="],

    "pg/pg-protocol": ["pg-protocol@1.9.5", "", {}, "sha512-DYTWtWpfd5FOro3UnAfwvhD8jh59r2ig8bPtc9H8Ds7MscE/9NYruUQWFAOuraRl29jwcT2kyMFQ3MxeaVjUhg=="],

    "pg/pg-types": ["pg-types@2.2.0", "", { "dependencies": { "pg-int8": "1.0.1", "postgres-array": "~2.0.0", "postgres-bytea": "~1.0.0", "postgres-date": "~1.0.4", "postgres-interval": "^1.1.0" } }, "sha512-qTAAlrEsl8s4OiEQY69wDvcMIdQN6wdz5ojQiOy6YRMuynxenON0O5oCpJI6lshc6scgAY8qvJ2On/p+CXY0GA=="],

    "pg/pg-types/postgres-array": ["postgres-array@2.0.0", "", {}, "sha512-VpZrUqU5A69eQyW2c5CA1jtLecCsN2U/bD6VilrFDWq5+5UIEVO7nazS3TEcHf1zuPYO/sqGvUvW62g86RXZuA=="],

    "pg/pg-types/postgres-bytea": ["postgres-bytea@1.0.0", "", {}, "sha512-xy3pmLuQqRBZBXDULy7KbaitYqLcmxigw14Q5sj8QBVLqEwXfeybIKVWiqAXTlcvdvb0+xkOtDbfQMOf4lST1w=="],

    "pg/pg-types/postgres-date": ["postgres-date@1.0.7", "", {}, "sha512-suDmjLVQg78nMK2UZ454hAG+OAW+HQPZ6n++TNDUX+L0+uUlLywnoxJKDou51Zm+zTCjrCl0Nq6J9C5hP9vK/Q=="],

    "pg/pg-types/postgres-interval": ["postgres-interval@1.2.0", "", { "dependencies": { "xtend": "^4.0.0" } }, "sha512-9ZhXKM/rw350N1ovuWHbGxnGh/SNJ4cnxHiM0rxE4VN41wsg8P8zWn9hv/buK00RP4WvlOyr/RBDiptyxVbkZQ=="],
  }
}
